
Microsoft Visual Studio Solution File, Format Version 12.00
# Visual Studio Version 16
VisualStudioVersion = 16.0.32106.194
MinimumVisualStudioVersion = 10.0.40219.1
Project("{8BC9CEB8-8B4A-11D0-8D11-00A0C91BC942}") = "main", "main\main.vcxproj", "{F63CB305-5D54-444B-ADBF-7B91878B7D80}"
EndProject
Project("{8BC9CEB8-8B4A-11D0-8D11-00A0C91BC942}") = "pm.dal", "libs\pm.dal\pm.dal.vcxproj", "{73F88E90-4B69-40A2-BB1E-2FB18DE766E4}"
EndProject
Project("{8BC9CEB8-8B4A-11D0-8D11-00A0C91BC942}") = "pm.consoleApp", "libs\pm.consoleApp\pm.consoleApp.vcxproj", "{4973053F-C632-41BA-939D-C580246671BF}"
EndProject
Project("{8BC9CEB8-8B4A-11D0-8D11-00A0C91BC942}") = "pm.tools", "libs\pm.tools\pm.tools.vcxproj", "{690B90BD-32DD-45DD-A14D-7C4F2051C033}"
EndProject
Project("{8BC9CEB8-8B4A-11D0-8D11-00A0C91BC942}") = "pm.bll", "libs\pm.bll\pm.bll.vcxproj", "{B1C38643-BE3B-41AB-A1C8-6B63D952C3E6}"
EndProject
Global
	GlobalSection(SolutionConfigurationPlatforms) = preSolution
		Debug|x64 = Debug|x64
		Debug|x86 = Debug|x86
		Release|x64 = Release|x64
		Release|x86 = Release|x86
	EndGlobalSection
	GlobalSection(ProjectConfigurationPlatforms) = postSolution
		{F63CB305-5D54-444B-ADBF-7B91878B7D80}.Debug|x64.ActiveCfg = Debug|x64
		{F63CB305-5D54-444B-ADBF-7B91878B7D80}.Debug|x64.Build.0 = Debug|x64
		{F63CB305-5D54-444B-ADBF-7B91878B7D80}.Debug|x86.ActiveCfg = Debug|Win32
		{F63CB305-5D54-444B-ADBF-7B91878B7D80}.Debug|x86.Build.0 = Debug|Win32
		{F63CB305-5D54-444B-ADBF-7B91878B7D80}.Release|x64.ActiveCfg = Release|x64
		{F63CB305-5D54-444B-ADBF-7B91878B7D80}.Release|x64.Build.0 = Release|x64
		{F63CB305-5D54-444B-ADBF-7B91878B7D80}.Release|x86.ActiveCfg = Release|Win32
		{F63CB305-5D54-444B-ADBF-7B91878B7D80}.Release|x86.Build.0 = Release|Win32
		{73F88E90-4B69-40A2-BB1E-2FB18DE766E4}.Debug|x64.ActiveCfg = Debug|x64
		{73F88E90-4B69-40A2-BB1E-2FB18DE766E4}.Debug|x64.Build.0 = Debug|x64
		{73F88E90-4B69-40A2-BB1E-2FB18DE766E4}.Debug|x86.ActiveCfg = Debug|Win32
		{73F88E90-4B69-40A2-BB1E-2FB18DE766E4}.Debug|x86.Build.0 = Debug|Win32
		{73F88E90-4B69-40A2-BB1E-2FB18DE766E4}.Release|x64.ActiveCfg = Release|x64
		{73F88E90-4B69-40A2-BB1E-2FB18DE766E4}.Release|x64.Build.0 = Release|x64
		{73F88E90-4B69-40A2-BB1E-2FB18DE766E4}.Release|x86.ActiveCfg = Release|Win32
		{73F88E90-4B69-40A2-BB1E-2FB18DE766E4}.Release|x86.Build.0 = Release|Win32
		{4973053F-C632-41BA-939D-C580246671BF}.Debug|x64.ActiveCfg = Debug|x64
		{4973053F-C632-41BA-939D-C580246671BF}.Debug|x64.Build.0 = Debug|x64
		{4973053F-C632-41BA-939D-C580246671BF}.Debug|x86.ActiveCfg = Debug|Win32
		{4973053F-C632-41BA-939D-C580246671BF}.Debug|x86.Build.0 = Debug|Win32
		{4973053F-C632-41BA-939D-C580246671BF}.Release|x64.ActiveCfg = Release|x64
		{4973053F-C632-41BA-939D-C580246671BF}.Release|x64.Build.0 = Release|x64
		{4973053F-C632-41BA-939D-C580246671BF}.Release|x86.ActiveCfg = Release|Win32
		{4973053F-C632-41BA-939D-C580246671BF}.Release|x86.Build.0 = Release|Win32
		{690B90BD-32DD-45DD-A14D-7C4F2051C033}.Debug|x64.ActiveCfg = Debug|x64
		{690B90BD-32DD-45DD-A14D-7C4F2051C033}.Debug|x64.Build.0 = Debug|x64
		{690B90BD-32DD-45DD-A14D-7C4F2051C033}.Debug|x86.ActiveCfg = Debug|Win32
		{690B90BD-32DD-45DD-A14D-7C4F2051C033}.Debug|x86.Build.0 = Debug|Win32
		{690B90BD-32DD-45DD-A14D-7C4F2051C033}.Release|x64.ActiveCfg = Release|x64
		{690B90BD-32DD-45DD-A14D-7C4F2051C033}.Release|x64.Build.0 = Release|x64
		{690B90BD-32DD-45DD-A14D-7C4F2051C033}.Release|x86.ActiveCfg = Release|Win32
		{690B90BD-32DD-45DD-A14D-7C4F2051C033}.Release|x86.Build.0 = Release|Win32
		{B1C38643-BE3B-41AB-A1C8-6B63D952C3E6}.Debug|x64.ActiveCfg = Debug|x64
		{B1C38643-BE3B-41AB-A1C8-6B63D952C3E6}.Debug|x64.Build.0 = Debug|x64
		{B1C38643-BE3B-41AB-A1C8-6B63D952C3E6}.Debug|x86.ActiveCfg = Debug|Win32
		{B1C38643-BE3B-41AB-A1C8-6B63D952C3E6}.Debug|x86.Build.0 = Debug|Win32
		{B1C38643-BE3B-41AB-A1C8-6B63D952C3E6}.Release|x64.ActiveCfg = Release|x64
		{B1C38643-BE3B-41AB-A1C8-6B63D952C3E6}.Release|x64.Build.0 = Release|x64
		{B1C38643-BE3B-41AB-A1C8-6B63D952C3E6}.Release|x86.ActiveCfg = Release|Win32
		{B1C38643-BE3B-41AB-A1C8-6B63D952C3E6}.Release|x86.Build.0 = Release|Win32
	EndGlobalSection
	GlobalSection(SolutionProperties) = preSolution
		HideSolutionNode = FALSE
	EndGlobalSection
	GlobalSection(ExtensibilityGlobals) = postSolution
		SolutionGuid = {2ECC0F6A-6289-4C7E-A775-7AF8347222A2}
	EndGlobalSection
EndGlobal
