
Microsoft Visual Studio Solution File, Format Version 12.00
# Visual Studio Version 16
VisualStudioVersion = 16.0.32106.194
MinimumVisualStudioVersion = 10.0.40219.1
Project("{8BC9CEB8-8B4A-11D0-8D11-00A0C91BC942}") = "schoolPractice23032022", "schoolPractice23032022\schoolPractice23032022.vcxproj", "{6BB42702-57C2-464F-A4C1-34CE9B8D48B0}"
EndProject
Project("{8BC9CEB8-8B4A-11D0-8D11-00A0C91BC942}") = "StaticLibrary", "StaticLibrary\StaticLibrary.vcxproj", "{3982EAEF-2359-4612-AAEF-549A2CC1C114}"
EndProject
Global
	GlobalSection(SolutionConfigurationPlatforms) = preSolution
		Debug|x64 = Debug|x64
		Debug|x86 = Debug|x86
		Release|x64 = Release|x64
		Release|x86 = Release|x86
	EndGlobalSection
	GlobalSection(ProjectConfigurationPlatforms) = postSolution
		{6BB42702-57C2-464F-A4C1-34CE9B8D48B0}.Debug|x64.ActiveCfg = Debug|x64
		{6BB42702-57C2-464F-A4C1-34CE9B8D48B0}.Debug|x64.Build.0 = Debug|x64
		{6BB42702-57C2-464F-A4C1-34CE9B8D48B0}.Debug|x86.ActiveCfg = Debug|Win32
		{6BB42702-57C2-464F-A4C1-34CE9B8D48B0}.Debug|x86.Build.0 = Debug|Win32
		{6BB42702-57C2-464F-A4C1-34CE9B8D48B0}.Release|x64.ActiveCfg = Release|x64
		{6BB42702-57C2-464F-A4C1-34CE9B8D48B0}.Release|x64.Build.0 = Release|x64
		{6BB42702-57C2-464F-A4C1-34CE9B8D48B0}.Release|x86.ActiveCfg = Release|Win32
		{6BB42702-57C2-464F-A4C1-34CE9B8D48B0}.Release|x86.Build.0 = Release|Win32
		{3982EAEF-2359-4612-AAEF-549A2CC1C114}.Debug|x64.ActiveCfg = Debug|x64
		{3982EAEF-2359-4612-AAEF-549A2CC1C114}.Debug|x64.Build.0 = Debug|x64
		{3982EAEF-2359-4612-AAEF-549A2CC1C114}.Debug|x86.ActiveCfg = Debug|Win32
		{3982EAEF-2359-4612-AAEF-549A2CC1C114}.Debug|x86.Build.0 = Debug|Win32
		{3982EAEF-2359-4612-AAEF-549A2CC1C114}.Release|x64.ActiveCfg = Release|x64
		{3982EAEF-2359-4612-AAEF-549A2CC1C114}.Release|x64.Build.0 = Release|x64
		{3982EAEF-2359-4612-AAEF-549A2CC1C114}.Release|x86.ActiveCfg = Release|Win32
		{3982EAEF-2359-4612-AAEF-549A2CC1C114}.Release|x86.Build.0 = Release|Win32
	EndGlobalSection
	GlobalSection(SolutionProperties) = preSolution
		HideSolutionNode = FALSE
	EndGlobalSection
	GlobalSection(ExtensibilityGlobals) = postSolution
		SolutionGuid = {92135CF2-F40C-4A0C-9837-04A0025D66FC}
	EndGlobalSection
EndGlobal
